
Microsoft Visual Studio Solution File, Format Version 12.00
# Visual Studio Version 16
VisualStudioVersion = 16.0.32929.386
MinimumVisualStudioVersion = 10.0.40219.1
Project("{FAE04EC0-301F-11D3-BF4B-00C04F79EFBC}") = "Servis", "Virtuelizacija_procesa_zadatak2\Servis.csproj", "{445CCAA7-1708-4B7C-AE0C-A1429C23F697}"
EndProject
Project("{FAE04EC0-301F-11D3-BF4B-00C04F79EFBC}") = "Common", "Common\Common.csproj", "{6D4B74CA-D790-48FF-BF80-F303EFCD5A7A}"
EndProject
Project("{FAE04EC0-301F-11D3-BF4B-00C04F79EFBC}") = "Client", "Client\Client.csproj", "{4429DD14-04E0-4918-8A0F-F8C64930DE09}"
EndProject
Global
	GlobalSection(SolutionConfigurationPlatforms) = preSolution
		Debug|Any CPU = Debug|Any CPU
		Release|Any CPU = Release|Any CPU
	EndGlobalSection
	GlobalSection(ProjectConfigurationPlatforms) = postSolution
		{445CCAA7-1708-4B7C-AE0C-A1429C23F697}.Debug|Any CPU.ActiveCfg = Debug|Any CPU
		{445CCAA7-1708-4B7C-AE0C-A1429C23F697}.Debug|Any CPU.Build.0 = Debug|Any CPU
		{445CCAA7-1708-4B7C-AE0C-A1429C23F697}.Release|Any CPU.ActiveCfg = Release|Any CPU
		{445CCAA7-1708-4B7C-AE0C-A1429C23F697}.Release|Any CPU.Build.0 = Release|Any CPU
		{6D4B74CA-D790-48FF-BF80-F303EFCD5A7A}.Debug|Any CPU.ActiveCfg = Debug|Any CPU
		{6D4B74CA-D790-48FF-BF80-F303EFCD5A7A}.Debug|Any CPU.Build.0 = Debug|Any CPU
		{6D4B74CA-D790-48FF-BF80-F303EFCD5A7A}.Release|Any CPU.ActiveCfg = Release|Any CPU
		{6D4B74CA-D790-48FF-BF80-F303EFCD5A7A}.Release|Any CPU.Build.0 = Release|Any CPU
		{4429DD14-04E0-4918-8A0F-F8C64930DE09}.Debug|Any CPU.ActiveCfg = Debug|Any CPU
		{4429DD14-04E0-4918-8A0F-F8C64930DE09}.Debug|Any CPU.Build.0 = Debug|Any CPU
		{4429DD14-04E0-4918-8A0F-F8C64930DE09}.Release|Any CPU.ActiveCfg = Release|Any CPU
		{4429DD14-04E0-4918-8A0F-F8C64930DE09}.Release|Any CPU.Build.0 = Release|Any CPU
	EndGlobalSection
	GlobalSection(SolutionProperties) = preSolution
		HideSolutionNode = FALSE
	EndGlobalSection
	GlobalSection(ExtensibilityGlobals) = postSolution
		SolutionGuid = {339FED4D-3E33-45AE-916D-4AF85C96FCE4}
	EndGlobalSection
EndGlobal
